{
    "_readme": [
        "This file locks the dependencies of your project to a known state",
        "Read more about it at https://getcomposer.org/doc/01-basic-usage.md#installing-dependencies",
        "This file is @generated automatically"
    ],
    "content-hash": "73682fe97ae048f6388fabaa6c700e45",
    "packages": [],
    "packages-dev": [
        {
            "name": "swoole/ide-helper",
            "version": "4.4.18",
            "source": {
                "type": "git",
                "url": "https://github.com/swoole/ide-helper.git",
                "reference": "61bfb54d7fca13309b005dd7375d171d6d8e8162"
            },
            "dist": {
                "type": "zip",
                "url": "https://api.github.com/repos/swoole/ide-helper/zipball/61bfb54d7fca13309b005dd7375d171d6d8e8162",
                "reference": "61bfb54d7fca13309b005dd7375d171d6d8e8162",
                "shasum": "",
                "mirrors": [
                    {
                        "url": "https://mirrors.aliyun.com/composer/dists/%package%/%reference%.%type%",
                        "preferred": true
                    }
                ]
            },
            "require-dev": {
                "guzzlehttp/guzzle": "~6.5.0",
                "squizlabs/php_codesniffer": "~3.5.0",
                "symfony/filesystem": "~4.3.0",
                "zendframework/zend-code": "~3.3.0"
            },
            "type": "library",
            "notification-url": "https://packagist.org/downloads/",
            "license": [
                "Apache-2.0"
            ],
            "authors": [
                {
                    "name": "Team Swoole",
                    "email": "team@swoole.com"
                }
            ],
            "description": "IDE help files for Swoole.",
            "time": "2020-04-26T02:33:56+00:00"
        }
    ],
    "aliases": [],
    "minimum-stability": "stable",
    "stability-flags": [],
    "prefer-stable": false,
    "prefer-lowest": false,
    "platform": {
        "php": ">=7.1",
        "ext-swoole": "^4.4.14"
    },
    "platform-dev": [],
    "plugin-api-version": "1.1.0"
}
